
Microsoft Visual Studio Solution File, Format Version 12.00
# Visual Studio Version 16
VisualStudioVersion = 16.0.29613.14
MinimumVisualStudioVersion = 10.0.40219.1
Project("{9A19103F-16F7-4668-BE54-9A1E7A4F7556}") = "TestLib", "TestLib\TestLib.csproj", "{A27B17F9-BCCC-4A33-A370-C7803587B612}"
EndProject
Global
	GlobalSection(SolutionConfigurationPlatforms) = preSolution
		Debug|Any CPU = Debug|Any CPU
		Release|Any CPU = Release|Any CPU
	EndGlobalSection
	GlobalSection(ProjectConfigurationPlatforms) = postSolution
		{A27B17F9-BCCC-4A33-A370-C7803587B612}.Debug|Any CPU.ActiveCfg = Debug|Any CPU
		{A27B17F9-BCCC-4A33-A370-C7803587B612}.Debug|Any CPU.Build.0 = Debug|Any CPU
		{A27B17F9-BCCC-4A33-A370-C7803587B612}.Release|Any CPU.ActiveCfg = Release|Any CPU
		{A27B17F9-BCCC-4A33-A370-C7803587B612}.Release|Any CPU.Build.0 = Release|Any CPU
	EndGlobalSection
	GlobalSection(SolutionProperties) = preSolution
		HideSolutionNode = FALSE
	EndGlobalSection
	GlobalSection(ExtensibilityGlobals) = postSolution
		SolutionGuid = {5BD60D61-3F1E-47F2-8F0E-166255F17690}
	EndGlobalSection
EndGlobal
